
Microsoft Visual Studio Solution File, Format Version 12.00
# Visual Studio Version 17
VisualStudioVersion = 17.0.31903.59
MinimumVisualStudioVersion = 10.0.40219.1
Project("{2150E333-8FDC-42A3-9474-1A3956D46DE8}") = "src", "src", "{02EA681E-C7D8-13C7-8484-4AC65E1B71E8}"
EndProject
Project("{FAE04EC0-301F-11D3-BF4B-00C04F79EFBC}") = "QuizHub.Api", "src\QuizHub.Api\QuizHub.Api.csproj", "{5B559164-41AC-CF3F-0B2E-F4090A3860C4}"
EndProject
Project("{FAE04EC0-301F-11D3-BF4B-00C04F79EFBC}") = "QuizHub.Application", "src\QuizHub.Application\QuizHub.Application.csproj", "{71F62037-FD48-BA81-E465-658B2E72CE06}"
EndProject
Project("{FAE04EC0-301F-11D3-BF4B-00C04F79EFBC}") = "QuizHub.Domain", "src\QuizHub.Domain\QuizHub.Domain.csproj", "{F80235F9-F1E1-5641-F216-D33DD95AEA97}"
EndProject
Project("{FAE04EC0-301F-11D3-BF4B-00C04F79EFBC}") = "QuizHub.Infrastructure", "src\QuizHub.Infrastructure\QuizHub.Infrastructure.csproj", "{E17E9452-0800-532C-83D8-15404CE1521B}"
EndProject
Global
	GlobalSection(SolutionConfigurationPlatforms) = preSolution
		Debug|Any CPU = Debug|Any CPU
		Release|Any CPU = Release|Any CPU
	EndGlobalSection
	GlobalSection(ProjectConfigurationPlatforms) = postSolution
		{5B559164-41AC-CF3F-0B2E-F4090A3860C4}.Debug|Any CPU.ActiveCfg = Debug|Any CPU
		{5B559164-41AC-CF3F-0B2E-F4090A3860C4}.Debug|Any CPU.Build.0 = Debug|Any CPU
		{5B559164-41AC-CF3F-0B2E-F4090A3860C4}.Release|Any CPU.ActiveCfg = Release|Any CPU
		{5B559164-41AC-CF3F-0B2E-F4090A3860C4}.Release|Any CPU.Build.0 = Release|Any CPU
		{71F62037-FD48-BA81-E465-658B2E72CE06}.Debug|Any CPU.ActiveCfg = Debug|Any CPU
		{71F62037-FD48-BA81-E465-658B2E72CE06}.Debug|Any CPU.Build.0 = Debug|Any CPU
		{71F62037-FD48-BA81-E465-658B2E72CE06}.Release|Any CPU.ActiveCfg = Release|Any CPU
		{71F62037-FD48-BA81-E465-658B2E72CE06}.Release|Any CPU.Build.0 = Release|Any CPU
		{F80235F9-F1E1-5641-F216-D33DD95AEA97}.Debug|Any CPU.ActiveCfg = Debug|Any CPU
		{F80235F9-F1E1-5641-F216-D33DD95AEA97}.Debug|Any CPU.Build.0 = Debug|Any CPU
		{F80235F9-F1E1-5641-F216-D33DD95AEA97}.Release|Any CPU.ActiveCfg = Release|Any CPU
		{F80235F9-F1E1-5641-F216-D33DD95AEA97}.Release|Any CPU.Build.0 = Release|Any CPU
		{E17E9452-0800-532C-83D8-15404CE1521B}.Debug|Any CPU.ActiveCfg = Debug|Any CPU
		{E17E9452-0800-532C-83D8-15404CE1521B}.Debug|Any CPU.Build.0 = Debug|Any CPU
		{E17E9452-0800-532C-83D8-15404CE1521B}.Release|Any CPU.ActiveCfg = Release|Any CPU
		{E17E9452-0800-532C-83D8-15404CE1521B}.Release|Any CPU.Build.0 = Release|Any CPU
	EndGlobalSection
	GlobalSection(SolutionProperties) = preSolution
		HideSolutionNode = FALSE
	EndGlobalSection
	GlobalSection(NestedProjects) = preSolution
		{5B559164-41AC-CF3F-0B2E-F4090A3860C4} = {02EA681E-C7D8-13C7-8484-4AC65E1B71E8}
		{71F62037-FD48-BA81-E465-658B2E72CE06} = {02EA681E-C7D8-13C7-8484-4AC65E1B71E8}
		{F80235F9-F1E1-5641-F216-D33DD95AEA97} = {02EA681E-C7D8-13C7-8484-4AC65E1B71E8}
		{E17E9452-0800-532C-83D8-15404CE1521B} = {02EA681E-C7D8-13C7-8484-4AC65E1B71E8}
	EndGlobalSection
	GlobalSection(ExtensibilityGlobals) = postSolution
		SolutionGuid = {41184FFF-474E-4313-A172-CB2807B5CC7E}
	EndGlobalSection
EndGlobal
